// !$*UTF8*$!
{
	archiveVersion = 1;
	classes = {
	};
	objectVersion = 56;
	objects = {

/* Begin PBXBuildFile section */
		24183BA42BBD015F0059A061 /* ConstraintView.swift in Sources */ = {isa = PBXBuildFile; fileRef = 24183BA32BBD015F0059A061 /* ConstraintView.swift */; };
		24183BA82BBD01EF0059A061 /* Constraint.swift in Sources */ = {isa = PBXBuildFile; fileRef = 24183BA72BBD01EF0059A061 /* Constraint.swift */; };
		243981912BBD3487008FF4EC /* ConstraintGridView.swift in Sources */ = {isa = PBXBuildFile; fileRef = 243981902BBD3487008FF4EC /* ConstraintGridView.swift */; };
		243981932BBDA904008FF4EC /* DislikeConstraintGridView.swift in Sources */ = {isa = PBXBuildFile; fileRef = 243981922BBDA904008FF4EC /* DislikeConstraintGridView.swift */; };
		244D57C82BBC548D00EFC197 /* Meal.swift in Sources */ = {isa = PBXBuildFile; fileRef = 244D57C72BBC548D00EFC197 /* Meal.swift */; };
		3A1688512BBBCF030096A911 /* Filter.swift in Sources */ = {isa = PBXBuildFile; fileRef = 3A1688502BBBCF030096A911 /* Filter.swift */; };
		3A1688552BBC01810096A911 /* SplashScreenView.swift in Sources */ = {isa = PBXBuildFile; fileRef = 3A1688542BBC01810096A911 /* SplashScreenView.swift */; };
		3A1688592BBC02B40096A911 /* DetailMealView.swift in Sources */ = {isa = PBXBuildFile; fileRef = 3A1688582BBC02B40096A911 /* DetailMealView.swift */; };
		3A2F755C2BBA4882003046C4 /* MamApaApp.swift in Sources */ = {isa = PBXBuildFile; fileRef = 3A2F755B2BBA4882003046C4 /* MamApaApp.swift */; };
		3A2F75602BBA4882003046C4 /* Assets.xcassets in Resources */ = {isa = PBXBuildFile; fileRef = 3A2F755F2BBA4882003046C4 /* Assets.xcassets */; };
		3A2F75632BBA4882003046C4 /* Preview Assets.xcassets in Resources */ = {isa = PBXBuildFile; fileRef = 3A2F75622BBA4882003046C4 /* Preview Assets.xcassets */; };
		3A2F756A2BBA4899003046C4 /* HomeView.swift in Sources */ = {isa = PBXBuildFile; fileRef = 3A2F75692BBA4899003046C4 /* HomeView.swift */; };
		3A2F75862BBA7548003046C4 /* MainView.swift in Sources */ = {isa = PBXBuildFile; fileRef = 3A2F75852BBA7548003046C4 /* MainView.swift */; };
		3A2F75882BBA7A24003046C4 /* ProfileView.swift in Sources */ = {isa = PBXBuildFile; fileRef = 3A2F75872BBA7A24003046C4 /* ProfileView.swift */; };
		3A2F758A2BBA7A2F003046C4 /* CookbookView.swift in Sources */ = {isa = PBXBuildFile; fileRef = 3A2F75892BBA7A2F003046C4 /* CookbookView.swift */; };
		3A2F758C2BBAF46D003046C4 /* MealFilterView.swift in Sources */ = {isa = PBXBuildFile; fileRef = 3A2F758B2BBAF46D003046C4 /* MealFilterView.swift */; };
/* End PBXBuildFile section */

/* Begin PBXFileReference section */
		24183BA32BBD015F0059A061 /* ConstraintView.swift */ = {isa = PBXFileReference; lastKnownFileType = sourcecode.swift; path = ConstraintView.swift; sourceTree = "<group>"; };
		24183BA72BBD01EF0059A061 /* Constraint.swift */ = {isa = PBXFileReference; lastKnownFileType = sourcecode.swift; path = Constraint.swift; sourceTree = "<group>"; };
		243981902BBD3487008FF4EC /* ConstraintGridView.swift */ = {isa = PBXFileReference; lastKnownFileType = sourcecode.swift; path = ConstraintGridView.swift; sourceTree = "<group>"; };
		243981922BBDA904008FF4EC /* DislikeConstraintGridView.swift */ = {isa = PBXFileReference; lastKnownFileType = sourcecode.swift; path = DislikeConstraintGridView.swift; sourceTree = "<group>"; };
		244D57C72BBC548D00EFC197 /* Meal.swift */ = {isa = PBXFileReference; lastKnownFileType = sourcecode.swift; path = Meal.swift; sourceTree = "<group>"; };
		3A1688502BBBCF030096A911 /* Filter.swift */ = {isa = PBXFileReference; lastKnownFileType = sourcecode.swift; path = Filter.swift; sourceTree = "<group>"; };
		3A1688542BBC01810096A911 /* SplashScreenView.swift */ = {isa = PBXFileReference; lastKnownFileType = sourcecode.swift; path = SplashScreenView.swift; sourceTree = "<group>"; };
		3A1688582BBC02B40096A911 /* DetailMealView.swift */ = {isa = PBXFileReference; lastKnownFileType = sourcecode.swift; path = DetailMealView.swift; sourceTree = "<group>"; };
		3A2F75582BBA4882003046C4 /* MamApa.app */ = {isa = PBXFileReference; explicitFileType = wrapper.application; includeInIndex = 0; path = MamApa.app; sourceTree = BUILT_PRODUCTS_DIR; };
		3A2F755B2BBA4882003046C4 /* MamApaApp.swift */ = {isa = PBXFileReference; lastKnownFileType = sourcecode.swift; path = MamApaApp.swift; sourceTree = "<group>"; };
		3A2F755F2BBA4882003046C4 /* Assets.xcassets */ = {isa = PBXFileReference; lastKnownFileType = folder.assetcatalog; path = Assets.xcassets; sourceTree = "<group>"; };
		3A2F75622BBA4882003046C4 /* Preview Assets.xcassets */ = {isa = PBXFileReference; lastKnownFileType = folder.assetcatalog; path = "Preview Assets.xcassets"; sourceTree = "<group>"; };
		3A2F75692BBA4899003046C4 /* HomeView.swift */ = {isa = PBXFileReference; lastKnownFileType = sourcecode.swift; path = HomeView.swift; sourceTree = "<group>"; };
		3A2F75852BBA7548003046C4 /* MainView.swift */ = {isa = PBXFileReference; lastKnownFileType = sourcecode.swift; path = MainView.swift; sourceTree = "<group>"; };
		3A2F75872BBA7A24003046C4 /* ProfileView.swift */ = {isa = PBXFileReference; lastKnownFileType = sourcecode.swift; path = ProfileView.swift; sourceTree = "<group>"; };
		3A2F75892BBA7A2F003046C4 /* CookbookView.swift */ = {isa = PBXFileReference; lastKnownFileType = sourcecode.swift; path = CookbookView.swift; sourceTree = "<group>"; };
		3A2F758B2BBAF46D003046C4 /* MealFilterView.swift */ = {isa = PBXFileReference; lastKnownFileType = sourcecode.swift; path = MealFilterView.swift; sourceTree = "<group>"; };
/* End PBXFileReference section */

/* Begin PBXFrameworksBuildPhase section */
		3A2F75552BBA4882003046C4 /* Frameworks */ = {
			isa = PBXFrameworksBuildPhase;
			buildActionMask = 2147483647;
			files = (
			);
			runOnlyForDeploymentPostprocessing = 0;
		};
/* End PBXFrameworksBuildPhase section */

/* Begin PBXGroup section */
		3A2F754F2BBA4882003046C4 = {
			isa = PBXGroup;
			children = (
				3A2F755A2BBA4882003046C4 /* MamApa */,
				3A2F75592BBA4882003046C4 /* Products */,
			);
			sourceTree = "<group>";
		};
		3A2F75592BBA4882003046C4 /* Products */ = {
			isa = PBXGroup;
			children = (
				3A2F75582BBA4882003046C4 /* MamApa.app */,
			);
			name = Products;
			sourceTree = "<group>";
		};
		3A2F755A2BBA4882003046C4 /* MamApa */ = {
			isa = PBXGroup;
			children = (
				3A1688542BBC01810096A911 /* SplashScreenView.swift */,
				3A2F755B2BBA4882003046C4 /* MamApaApp.swift */,
				3A2F75852BBA7548003046C4 /* MainView.swift */,
				3A2F75872BBA7A24003046C4 /* ProfileView.swift */,
				3A2F75692BBA4899003046C4 /* HomeView.swift */,
				3A2F758B2BBAF46D003046C4 /* MealFilterView.swift */,
				3A1688502BBBCF030096A911 /* Filter.swift */,
				3A2F75892BBA7A2F003046C4 /* CookbookView.swift */,
				3A2F755F2BBA4882003046C4 /* Assets.xcassets */,
				3A2F75612BBA4882003046C4 /* Preview Content */,
				3A1688582BBC02B40096A911 /* DetailMealView.swift */,
				244D57C72BBC548D00EFC197 /* Meal.swift */,
				24183BA32BBD015F0059A061 /* ConstraintView.swift */,
				243981902BBD3487008FF4EC /* ConstraintGridView.swift */,
				243981922BBDA904008FF4EC /* DislikeConstraintGridView.swift */,
				24183BA72BBD01EF0059A061 /* Constraint.swift */,
			);
			path = MamApa;
			sourceTree = "<group>";
		};
		3A2F75612BBA4882003046C4 /* Preview Content */ = {
			isa = PBXGroup;
			children = (
				3A2F75622BBA4882003046C4 /* Preview Assets.xcassets */,
			);
			path = "Preview Content";
			sourceTree = "<group>";
		};
/* End PBXGroup section */

/* Begin PBXNativeTarget section */
		3A2F75572BBA4882003046C4 /* MamApa */ = {
			isa = PBXNativeTarget;
			buildConfigurationList = 3A2F75662BBA4882003046C4 /* Build configuration list for PBXNativeTarget "MamApa" */;
			buildPhases = (
				3A2F75542BBA4882003046C4 /* Sources */,
				3A2F75552BBA4882003046C4 /* Frameworks */,
				3A2F75562BBA4882003046C4 /* Resources */,
			);
			buildRules = (
			);
			dependencies = (
			);
			name = MamApa;
			productName = MamApa;
			productReference = 3A2F75582BBA4882003046C4 /* MamApa.app */;
			productType = "com.apple.product-type.application";
		};
/* End PBXNativeTarget section */

/* Begin PBXProject section */
		3A2F75502BBA4882003046C4 /* Project object */ = {
			isa = PBXProject;
			attributes = {
				BuildIndependentTargetsInParallel = 1;
				LastSwiftUpdateCheck = 1520;
				LastUpgradeCheck = 1520;
				TargetAttributes = {
					3A2F75572BBA4882003046C4 = {
						CreatedOnToolsVersion = 15.2;
					};
				};
			};
			buildConfigurationList = 3A2F75532BBA4882003046C4 /* Build configuration list for PBXProject "MamApa" */;
			compatibilityVersion = "Xcode 14.0";
			developmentRegion = en;
			hasScannedForEncodings = 0;
			knownRegions = (
				en,
				Base,
			);
			mainGroup = 3A2F754F2BBA4882003046C4;
			productRefGroup = 3A2F75592BBA4882003046C4 /* Products */;
			projectDirPath = "";
			projectRoot = "";
			targets = (
				3A2F75572BBA4882003046C4 /* MamApa */,
			);
		};
/* End PBXProject section */

/* Begin PBXResourcesBuildPhase section */
		3A2F75562BBA4882003046C4 /* Resources */ = {
			isa = PBXResourcesBuildPhase;
			buildActionMask = 2147483647;
			files = (
				3A2F75632BBA4882003046C4 /* Preview Assets.xcassets in Resources */,
				3A2F75602BBA4882003046C4 /* Assets.xcassets in Resources */,
			);
			runOnlyForDeploymentPostprocessing = 0;
		};
/* End PBXResourcesBuildPhase section */

/* Begin PBXSourcesBuildPhase section */
		3A2F75542BBA4882003046C4 /* Sources */ = {
			isa = PBXSourcesBuildPhase;
			buildActionMask = 2147483647;
			files = (
				24183BA82BBD01EF0059A061 /* Constraint.swift in Sources */,
				24183BA42BBD015F0059A061 /* ConstraintView.swift in Sources */,
				244D57C82BBC548D00EFC197 /* Meal.swift in Sources */,
				3A2F756A2BBA4899003046C4 /* HomeView.swift in Sources */,
				3A2F75862BBA7548003046C4 /* MainView.swift in Sources */,
				243981912BBD3487008FF4EC /* ConstraintGridView.swift in Sources */,
				3A2F75882BBA7A24003046C4 /* ProfileView.swift in Sources */,
				3A1688512BBBCF030096A911 /* Filter.swift in Sources */,
				3A2F755C2BBA4882003046C4 /* MamApaApp.swift in Sources */,
				3A2F758A2BBA7A2F003046C4 /* CookbookView.swift in Sources */,
				3A2F758C2BBAF46D003046C4 /* MealFilterView.swift in Sources */,
				243981932BBDA904008FF4EC /* DislikeConstraintGridView.swift in Sources */,
				3A1688552BBC01810096A911 /* SplashScreenView.swift in Sources */,
				3A1688592BBC02B40096A911 /* DetailMealView.swift in Sources */,
			);
			runOnlyForDeploymentPostprocessing = 0;
		};
/* End PBXSourcesBuildPhase section */

/* Begin XCBuildConfiguration section */
		3A2F75642BBA4882003046C4 /* Debug */ = {
			isa = XCBuildConfiguration;
			buildSettings = {
				ALWAYS_SEARCH_USER_PATHS = NO;
				ASSETCATALOG_COMPILER_GENERATE_SWIFT_ASSET_SYMBOL_EXTENSIONS = YES;
				CLANG_ANALYZER_NONNULL = YES;
				CLANG_ANALYZER_NUMBER_OBJECT_CONVERSION = YES_AGGRESSIVE;
				CLANG_CXX_LANGUAGE_STANDARD = "gnu++20";
				CLANG_ENABLE_MODULES = YES;
				CLANG_ENABLE_OBJC_ARC = YES;
				CLANG_ENABLE_OBJC_WEAK = YES;
				CLANG_WARN_BLOCK_CAPTURE_AUTORELEASING = YES;
				CLANG_WARN_BOOL_CONVERSION = YES;
				CLANG_WARN_COMMA = YES;
				CLANG_WARN_CONSTANT_CONVERSION = YES;
				CLANG_WARN_DEPRECATED_OBJC_IMPLEMENTATIONS = YES;
				CLANG_WARN_DIRECT_OBJC_ISA_USAGE = YES_ERROR;
				CLANG_WARN_DOCUMENTATION_COMMENTS = YES;
				CLANG_WARN_EMPTY_BODY = YES;
				CLANG_WARN_ENUM_CONVERSION = YES;
				CLANG_WARN_INFINITE_RECURSION = YES;
				CLANG_WARN_INT_CONVERSION = YES;
				CLANG_WARN_NON_LITERAL_NULL_CONVERSION = YES;
				CLANG_WARN_OBJC_IMPLICIT_RETAIN_SELF = YES;
				CLANG_WARN_OBJC_LITERAL_CONVERSION = YES;
				CLANG_WARN_OBJC_ROOT_CLASS = YES_ERROR;
				CLANG_WARN_QUOTED_INCLUDE_IN_FRAMEWORK_HEADER = YES;
				CLANG_WARN_RANGE_LOOP_ANALYSIS = YES;
				CLANG_WARN_STRICT_PROTOTYPES = YES;
				CLANG_WARN_SUSPICIOUS_MOVE = YES;
				CLANG_WARN_UNGUARDED_AVAILABILITY = YES_AGGRESSIVE;
				CLANG_WARN_UNREACHABLE_CODE = YES;
				CLANG_WARN__DUPLICATE_METHOD_MATCH = YES;
				COPY_PHASE_STRIP = NO;
				DEBUG_INFORMATION_FORMAT = dwarf;
				ENABLE_STRICT_OBJC_MSGSEND = YES;
				ENABLE_TESTABILITY = YES;
				ENABLE_USER_SCRIPT_SANDBOXING = YES;
				GCC_C_LANGUAGE_STANDARD = gnu17;
				GCC_DYNAMIC_NO_PIC = NO;
				GCC_NO_COMMON_BLOCKS = YES;
				GCC_OPTIMIZATION_LEVEL = 0;
				GCC_PREPROCESSOR_DEFINITIONS = (
					"DEBUG=1",
					"$(inherited)",
				);
				GCC_WARN_64_TO_32_BIT_CONVERSION = YES;
				GCC_WARN_ABOUT_RETURN_TYPE = YES_ERROR;
				GCC_WARN_UNDECLARED_SELECTOR = YES;
				GCC_WARN_UNINITIALIZED_AUTOS = YES_AGGRESSIVE;
				GCC_WARN_UNUSED_FUNCTION = YES;
				GCC_WARN_UNUSED_VARIABLE = YES;
				IPHONEOS_DEPLOYMENT_TARGET = 17.2;
				LOCALIZATION_PREFERS_STRING_CATALOGS = YES;
				MTL_ENABLE_DEBUG_INFO = INCLUDE_SOURCE;
				MTL_FAST_MATH = YES;
				ONLY_ACTIVE_ARCH = YES;
				SDKROOT = iphoneos;
				SWIFT_ACTIVE_COMPILATION_CONDITIONS = "DEBUG $(inherited)";
				SWIFT_OPTIMIZATION_LEVEL = "-Onone";
			};
			name = Debug;
		};
		3A2F75652BBA4882003046C4 /* Release */ = {
			isa = XCBuildConfiguration;
			buildSettings = {
				ALWAYS_SEARCH_USER_PATHS = NO;
				ASSETCATALOG_COMPILER_GENERATE_SWIFT_ASSET_SYMBOL_EXTENSIONS = YES;
				CLANG_ANALYZER_NONNULL = YES;
				CLANG_ANALYZER_NUMBER_OBJECT_CONVERSION = YES_AGGRESSIVE;
				CLANG_CXX_LANGUAGE_STANDARD = "gnu++20";
				CLANG_ENABLE_MODULES = YES;
				CLANG_ENABLE_OBJC_ARC = YES;
				CLANG_ENABLE_OBJC_WEAK = YES;
				CLANG_WARN_BLOCK_CAPTURE_AUTORELEASING = YES;
				CLANG_WARN_BOOL_CONVERSION = YES;
				CLANG_WARN_COMMA = YES;
				CLANG_WARN_CONSTANT_CONVERSION = YES;
				CLANG_WARN_DEPRECATED_OBJC_IMPLEMENTATIONS = YES;
				CLANG_WARN_DIRECT_OBJC_ISA_USAGE = YES_ERROR;
				CLANG_WARN_DOCUMENTATION_COMMENTS = YES;
				CLANG_WARN_EMPTY_BODY = YES;
				CLANG_WARN_ENUM_CONVERSION = YES;
				CLANG_WARN_INFINITE_RECURSION = YES;
				CLANG_WARN_INT_CONVERSION = YES;
				CLANG_WARN_NON_LITERAL_NULL_CONVERSION = YES;
				CLANG_WARN_OBJC_IMPLICIT_RETAIN_SELF = YES;
				CLANG_WARN_OBJC_LITERAL_CONVERSION = YES;
				CLANG_WARN_OBJC_ROOT_CLASS = YES_ERROR;
				CLANG_WARN_QUOTED_INCLUDE_IN_FRAMEWORK_HEADER = YES;
				CLANG_WARN_RANGE_LOOP_ANALYSIS = YES;
				CLANG_WARN_STRICT_PROTOTYPES = YES;
				CLANG_WARN_SUSPICIOUS_MOVE = YES;
				CLANG_WARN_UNGUARDED_AVAILABILITY = YES_AGGRESSIVE;
				CLANG_WARN_UNREACHABLE_CODE = YES;
				CLANG_WARN__DUPLICATE_METHOD_MATCH = YES;
				COPY_PHASE_STRIP = NO;
				DEBUG_INFORMATION_FORMAT = "dwarf-with-dsym";
				ENABLE_NS_ASSERTIONS = NO;
				ENABLE_STRICT_OBJC_MSGSEND = YES;
				ENABLE_USER_SCRIPT_SANDBOXING = YES;
				GCC_C_LANGUAGE_STANDARD = gnu17;
				GCC_NO_COMMON_BLOCKS = YES;
				GCC_WARN_64_TO_32_BIT_CONVERSION = YES;
				GCC_WARN_ABOUT_RETURN_TYPE = YES_ERROR;
				GCC_WARN_UNDECLARED_SELECTOR = YES;
				GCC_WARN_UNINITIALIZED_AUTOS = YES_AGGRESSIVE;
				GCC_WARN_UNUSED_FUNCTION = YES;
				GCC_WARN_UNUSED_VARIABLE = YES;
				IPHONEOS_DEPLOYMENT_TARGET = 17.2;
				LOCALIZATION_PREFERS_STRING_CATALOGS = YES;
				MTL_ENABLE_DEBUG_INFO = NO;
				MTL_FAST_MATH = YES;
				SDKROOT = iphoneos;
				SWIFT_COMPILATION_MODE = wholemodule;
				VALIDATE_PRODUCT = YES;
			};
			name = Release;
		};
		3A2F75672BBA4882003046C4 /* Debug */ = {
			isa = XCBuildConfiguration;
			buildSettings = {
				ASSETCATALOG_COMPILER_APPICON_NAME = AppIcon;
				ASSETCATALOG_COMPILER_GLOBAL_ACCENT_COLOR_NAME = AccentColor;
				CODE_SIGN_STYLE = Automatic;
				CURRENT_PROJECT_VERSION = 1;
				DEVELOPMENT_ASSET_PATHS = "\"MamApa/Preview Content\"";
				DEVELOPMENT_TEAM = QJ4D5LRK3T;
				ENABLE_PREVIEWS = YES;
				GENERATE_INFOPLIST_FILE = YES;
				INFOPLIST_KEY_UIApplicationSceneManifest_Generation = YES;
				INFOPLIST_KEY_UIApplicationSupportsIndirectInputEvents = YES;
				INFOPLIST_KEY_UILaunchScreen_Generation = YES;
				INFOPLIST_KEY_UISupportedInterfaceOrientations_iPad = "UIInterfaceOrientationPortrait UIInterfaceOrientationPortraitUpsideDown UIInterfaceOrientationLandscapeLeft UIInterfaceOrientationLandscapeRight";
				INFOPLIST_KEY_UISupportedInterfaceOrientations_iPhone = "UIInterfaceOrientationPortrait UIInterfaceOrientationLandscapeLeft UIInterfaceOrientationLandscapeRight";
				LD_RUNPATH_SEARCH_PATHS = (
					"$(inherited)",
					"@executable_path/Frameworks",
				);
				MARKETING_VERSION = 1.0;
				PRODUCT_BUNDLE_IDENTIFIER = com.dikidwid.MamApa;
				PRODUCT_NAME = "$(TARGET_NAME)";
				SWIFT_EMIT_LOC_STRINGS = YES;
				SWIFT_VERSION = 5.0;
				TARGETED_DEVICE_FAMILY = "1,2";
			};
			name = Debug;
		};
		3A2F75682BBA4882003046C4 /* Release */ = {
			isa = XCBuildConfiguration;
			buildSettings = {
				ASSETCATALOG_COMPILER_APPICON_NAME = AppIcon;
				ASSETCATALOG_COMPILER_GLOBAL_ACCENT_COLOR_NAME = AccentColor;
				CODE_SIGN_STYLE = Automatic;
				CURRENT_PROJECT_VERSION = 1;
				DEVELOPMENT_ASSET_PATHS = "\"MamApa/Preview Content\"";
				DEVELOPMENT_TEAM = QJ4D5LRK3T;
				ENABLE_PREVIEWS = YES;
				GENERATE_INFOPLIST_FILE = YES;
				INFOPLIST_KEY_UIApplicationSceneManifest_Generation = YES;
				INFOPLIST_KEY_UIApplicationSupportsIndirectInputEvents = YES;
				INFOPLIST_KEY_UILaunchScreen_Generation = YES;
				INFOPLIST_KEY_UISupportedInterfaceOrientations_iPad = "UIInterfaceOrientationPortrait UIInterfaceOrientationPortraitUpsideDown UIInterfaceOrientationLandscapeLeft UIInterfaceOrientationLandscapeRight";
				INFOPLIST_KEY_UISupportedInterfaceOrientations_iPhone = "UIInterfaceOrientationPortrait UIInterfaceOrientationLandscapeLeft UIInterfaceOrientationLandscapeRight";
				LD_RUNPATH_SEARCH_PATHS = (
					"$(inherited)",
					"@executable_path/Frameworks",
				);
				MARKETING_VERSION = 1.0;
				PRODUCT_BUNDLE_IDENTIFIER = com.dikidwid.MamApa;
				PRODUCT_NAME = "$(TARGET_NAME)";
				SWIFT_EMIT_LOC_STRINGS = YES;
				SWIFT_VERSION = 5.0;
				TARGETED_DEVICE_FAMILY = "1,2";
			};
			name = Release;
		};
/* End XCBuildConfiguration section */

/* Begin XCConfigurationList section */
		3A2F75532BBA4882003046C4 /* Build configuration list for PBXProject "MamApa" */ = {
			isa = XCConfigurationList;
			buildConfigurations = (
				3A2F75642BBA4882003046C4 /* Debug */,
				3A2F75652BBA4882003046C4 /* Release */,
			);
			defaultConfigurationIsVisible = 0;
			defaultConfigurationName = Release;
		};
		3A2F75662BBA4882003046C4 /* Build configuration list for PBXNativeTarget "MamApa" */ = {
			isa = XCConfigurationList;
			buildConfigurations = (
				3A2F75672BBA4882003046C4 /* Debug */,
				3A2F75682BBA4882003046C4 /* Release */,
			);
			defaultConfigurationIsVisible = 0;
			defaultConfigurationName = Release;
		};
/* End XCConfigurationList section */
	};
	rootObject = 3A2F75502BBA4882003046C4 /* Project object */;
}
